// !$*UTF8*$!
{
	archiveVersion = 1;
	classes = {
	};
	objectVersion = 77;
	objects = {

/* Begin PBXBuildFile section */
		003FEDE49B09E2068CF81BAA /* SpotifyWatcherTests.swift in Sources */ = {isa = PBXBuildFile; fileRef = 4E8E90D73A0FE7B03A8FAACB /* SpotifyWatcherTests.swift */; };
		17BA2083F808B0D9CBE447C6 /* SpotifyScriptingTests.swift in Sources */ = {isa = PBXBuildFile; fileRef = F12636A5E3B91BEDF815A2D1 /* SpotifyScriptingTests.swift */; };
		21A944C8216E4A5B4FF31C61 /* AdMuterTests.swift in Sources */ = {isa = PBXBuildFile; fileRef = 61642A673077F7F5E21E6521 /* AdMuterTests.swift */; };
		23508C268653DB310804CF4C /* AppStateTests.swift in Sources */ = {isa = PBXBuildFile; fileRef = A8E9D7635CB31C8308BDB861 /* AppStateTests.swift */; };
		2A7A044D7B9AA903B9FE6CD6 /* SpotifyScripting.swift in Sources */ = {isa = PBXBuildFile; fileRef = 2E46F1978FAA7418B84BB805 /* SpotifyScripting.swift */; };
		2EAF4D91FAF8E61D28074CF3 /* ScriptingBridge.framework in Frameworks */ = {isa = PBXBuildFile; fileRef = F2C7594AB83831D95DF2F342 /* ScriptingBridge.framework */; };
		3685151D12DB09DA13B73B2C /* SpotifyBridgeTests.swift in Sources */ = {isa = PBXBuildFile; fileRef = 60B43EC887C865C3359A1D14 /* SpotifyBridgeTests.swift */; };
		38B831AB6D4D94D905020191 /* AdSilencerApp.swift in Sources */ = {isa = PBXBuildFile; fileRef = E27214A7D4B70B0E7AE42111 /* AdSilencerApp.swift */; };
		3B80FF5D1044F81C74150C41 /* SpotifyBridge.swift in Sources */ = {isa = PBXBuildFile; fileRef = 83EB1E44464CC322E6C4C780 /* SpotifyBridge.swift */; };
		400782414B5F32CEA468EB45 /* FakeSpotify.swift in Sources */ = {isa = PBXBuildFile; fileRef = AA57C781606C454D703C8415 /* FakeSpotify.swift */; };
		6903B22D2BA3B6E99FE01A4B /* AppState.swift in Sources */ = {isa = PBXBuildFile; fileRef = B23CD3E17F83C786288A2D33 /* AppState.swift */; };
		81E0AE9D2A1B473113925E4A /* AdMuter.swift in Sources */ = {isa = PBXBuildFile; fileRef = 4A669673F86EA57764ECAEC0 /* AdMuter.swift */; };
		8880B9D59E702CCD077AB6E3 /* Assets.xcassets in Resources */ = {isa = PBXBuildFile; fileRef = 0F17F8A3E3633359621B0A4D /* Assets.xcassets */; };
		A0D260DD7980A737B2C6C829 /* MenuBarView.swift in Sources */ = {isa = PBXBuildFile; fileRef = C12A7DD37498E04F638D5AA4 /* MenuBarView.swift */; };
		A3A755FFEA700FE63B65FDAD /* SpotifyWatcher.swift in Sources */ = {isa = PBXBuildFile; fileRef = 7B7368BF6BE4B3426414C9D4 /* SpotifyWatcher.swift */; };
		C73F6D0C0C76313F5C172E0A /* Collection+IsNotEmpty.swift in Sources */ = {isa = PBXBuildFile; fileRef = EFB0F88885C8D85A4442439A /* Collection+IsNotEmpty.swift */; };
		F58B08A6265243B3A595E72A /* SpotifyAdTests.swift in Sources */ = {isa = PBXBuildFile; fileRef = 6763F161BBB7160EAB499F59 /* SpotifyAdTests.swift */; };
		FEC84FF814EE79428722A139 /* TrackIDFixtures.swift in Sources */ = {isa = PBXBuildFile; fileRef = 8C5F0F52E48ABB7611F57E2F /* TrackIDFixtures.swift */; };
/* End PBXBuildFile section */

/* Begin PBXContainerItemProxy section */
		CE9C15CEAEA3B9191C9A3D65 /* PBXContainerItemProxy */ = {
			isa = PBXContainerItemProxy;
			containerPortal = 3006CB9B76DAF9E70D779347 /* Project object */;
			proxyType = 1;
			remoteGlobalIDString = F380F95D65B208798160804F;
			remoteInfo = AdSilencer;
		};
/* End PBXContainerItemProxy section */

/* Begin PBXFileReference section */
		0F17F8A3E3633359621B0A4D /* Assets.xcassets */ = {isa = PBXFileReference; lastKnownFileType = folder.assetcatalog; path = Assets.xcassets; sourceTree = "<group>"; };
		2E46F1978FAA7418B84BB805 /* SpotifyScripting.swift */ = {isa = PBXFileReference; lastKnownFileType = sourcecode.swift; path = SpotifyScripting.swift; sourceTree = "<group>"; };
		3FA0233571F85584B3C61B16 /* AdSilencerTests.xctest */ = {isa = PBXFileReference; explicitFileType = wrapper.cfbundle; includeInIndex = 0; path = AdSilencerTests.xctest; sourceTree = BUILT_PRODUCTS_DIR; };
		4A669673F86EA57764ECAEC0 /* AdMuter.swift */ = {isa = PBXFileReference; lastKnownFileType = sourcecode.swift; path = AdMuter.swift; sourceTree = "<group>"; };
		4E8E90D73A0FE7B03A8FAACB /* SpotifyWatcherTests.swift */ = {isa = PBXFileReference; lastKnownFileType = sourcecode.swift; path = SpotifyWatcherTests.swift; sourceTree = "<group>"; };
		60B43EC887C865C3359A1D14 /* SpotifyBridgeTests.swift */ = {isa = PBXFileReference; lastKnownFileType = sourcecode.swift; path = SpotifyBridgeTests.swift; sourceTree = "<group>"; };
		61642A673077F7F5E21E6521 /* AdMuterTests.swift */ = {isa = PBXFileReference; lastKnownFileType = sourcecode.swift; path = AdMuterTests.swift; sourceTree = "<group>"; };
		6763F161BBB7160EAB499F59 /* SpotifyAdTests.swift */ = {isa = PBXFileReference; lastKnownFileType = sourcecode.swift; path = SpotifyAdTests.swift; sourceTree = "<group>"; };
		7B7368BF6BE4B3426414C9D4 /* SpotifyWatcher.swift */ = {isa = PBXFileReference; lastKnownFileType = sourcecode.swift; path = SpotifyWatcher.swift; sourceTree = "<group>"; };
		83EB1E44464CC322E6C4C780 /* SpotifyBridge.swift */ = {isa = PBXFileReference; lastKnownFileType = sourcecode.swift; path = SpotifyBridge.swift; sourceTree = "<group>"; };
		8C5F0F52E48ABB7611F57E2F /* TrackIDFixtures.swift */ = {isa = PBXFileReference; lastKnownFileType = sourcecode.swift; path = TrackIDFixtures.swift; sourceTree = "<group>"; };
		A8E9D7635CB31C8308BDB861 /* AppStateTests.swift */ = {isa = PBXFileReference; lastKnownFileType = sourcecode.swift; path = AppStateTests.swift; sourceTree = "<group>"; };
		AA57C781606C454D703C8415 /* FakeSpotify.swift */ = {isa = PBXFileReference; lastKnownFileType = sourcecode.swift; path = FakeSpotify.swift; sourceTree = "<group>"; };
		B23CD3E17F83C786288A2D33 /* AppState.swift */ = {isa = PBXFileReference; lastKnownFileType = sourcecode.swift; path = AppState.swift; sourceTree = "<group>"; };
		C12A7DD37498E04F638D5AA4 /* MenuBarView.swift */ = {isa = PBXFileReference; lastKnownFileType = sourcecode.swift; path = MenuBarView.swift; sourceTree = "<group>"; };
		D623F01640CB9968D476CF34 /* Info.plist */ = {isa = PBXFileReference; lastKnownFileType = text.plist; path = Info.plist; sourceTree = "<group>"; };
		E27214A7D4B70B0E7AE42111 /* AdSilencerApp.swift */ = {isa = PBXFileReference; lastKnownFileType = sourcecode.swift; path = AdSilencerApp.swift; sourceTree = "<group>"; };
		E7FB288E1022FD41CA1CDA55 /* AdSilencer.entitlements */ = {isa = PBXFileReference; lastKnownFileType = text.plist.entitlements; path = AdSilencer.entitlements; sourceTree = "<group>"; };
		EB9EDBB0ECB19543EBB79C23 /* AdSilencer.app */ = {isa = PBXFileReference; explicitFileType = wrapper.application; includeInIndex = 0; path = AdSilencer.app; sourceTree = BUILT_PRODUCTS_DIR; };
		EFB0F88885C8D85A4442439A /* Collection+IsNotEmpty.swift */ = {isa = PBXFileReference; lastKnownFileType = sourcecode.swift; path = "Collection+IsNotEmpty.swift"; sourceTree = "<group>"; };
		F12636A5E3B91BEDF815A2D1 /* SpotifyScriptingTests.swift */ = {isa = PBXFileReference; lastKnownFileType = sourcecode.swift; path = SpotifyScriptingTests.swift; sourceTree = "<group>"; };
		F2C7594AB83831D95DF2F342 /* ScriptingBridge.framework */ = {isa = PBXFileReference; lastKnownFileType = wrapper.framework; name = ScriptingBridge.framework; path = System/Library/Frameworks/ScriptingBridge.framework; sourceTree = SDKROOT; };
/* End PBXFileReference section */

/* Begin PBXFrameworksBuildPhase section */
		9254B3A0C712CDBE2396BA2F /* Frameworks */ = {
			isa = PBXFrameworksBuildPhase;
			buildActionMask = 2147483647;
			files = (
				2EAF4D91FAF8E61D28074CF3 /* ScriptingBridge.framework in Frameworks */,
			);
			runOnlyForDeploymentPostprocessing = 0;
		};
/* End PBXFrameworksBuildPhase section */

/* Begin PBXGroup section */
		00245792FE897F60CFAA24D3 = {
			isa = PBXGroup;
			children = (
				10DD43BC447A68F66DA5EE8A /* AdSilencer */,
				9A0EE5FB01F34D484FD147D4 /* AdSilencerTests */,
				B08AEFFD6E67863BF4C3478E /* Frameworks */,
				3C74B9E7397ACDF13CD5B701 /* Products */,
			);
			sourceTree = "<group>";
		};
		04958B114BBC83A2059BA64A /* Spotify */ = {
			isa = PBXGroup;
			children = (
				83EB1E44464CC322E6C4C780 /* SpotifyBridge.swift */,
				2E46F1978FAA7418B84BB805 /* SpotifyScripting.swift */,
				7B7368BF6BE4B3426414C9D4 /* SpotifyWatcher.swift */,
			);
			path = Spotify;
			sourceTree = "<group>";
		};
		10DD43BC447A68F66DA5EE8A /* AdSilencer */ = {
			isa = PBXGroup;
			children = (
				E7FB288E1022FD41CA1CDA55 /* AdSilencer.entitlements */,
				E27214A7D4B70B0E7AE42111 /* AdSilencerApp.swift */,
				B23CD3E17F83C786288A2D33 /* AppState.swift */,
				0F17F8A3E3633359621B0A4D /* Assets.xcassets */,
				EFB0F88885C8D85A4442439A /* Collection+IsNotEmpty.swift */,
				D623F01640CB9968D476CF34 /* Info.plist */,
				F93CCCAA1305A7E30CDC9510 /* MenuBar */,
				2E7C5B35D6C5ED876CC5ACA9 /* Mute */,
				04958B114BBC83A2059BA64A /* Spotify */,
			);
			path = AdSilencer;
			sourceTree = "<group>";
		};
		2E7C5B35D6C5ED876CC5ACA9 /* Mute */ = {
			isa = PBXGroup;
			children = (
				4A669673F86EA57764ECAEC0 /* AdMuter.swift */,
			);
			path = Mute;
			sourceTree = "<group>";
		};
		3C74B9E7397ACDF13CD5B701 /* Products */ = {
			isa = PBXGroup;
			children = (
				EB9EDBB0ECB19543EBB79C23 /* AdSilencer.app */,
				3FA0233571F85584B3C61B16 /* AdSilencerTests.xctest */,
			);
			name = Products;
			sourceTree = "<group>";
		};
		9A0EE5FB01F34D484FD147D4 /* AdSilencerTests */ = {
			isa = PBXGroup;
			children = (
				61642A673077F7F5E21E6521 /* AdMuterTests.swift */,
				A8E9D7635CB31C8308BDB861 /* AppStateTests.swift */,
				AA57C781606C454D703C8415 /* FakeSpotify.swift */,
				6763F161BBB7160EAB499F59 /* SpotifyAdTests.swift */,
				60B43EC887C865C3359A1D14 /* SpotifyBridgeTests.swift */,
				F12636A5E3B91BEDF815A2D1 /* SpotifyScriptingTests.swift */,
				4E8E90D73A0FE7B03A8FAACB /* SpotifyWatcherTests.swift */,
				8C5F0F52E48ABB7611F57E2F /* TrackIDFixtures.swift */,
			);
			path = AdSilencerTests;
			sourceTree = "<group>";
		};
		B08AEFFD6E67863BF4C3478E /* Frameworks */ = {
			isa = PBXGroup;
			children = (
				F2C7594AB83831D95DF2F342 /* ScriptingBridge.framework */,
			);
			name = Frameworks;
			sourceTree = "<group>";
		};
		F93CCCAA1305A7E30CDC9510 /* MenuBar */ = {
			isa = PBXGroup;
			children = (
				C12A7DD37498E04F638D5AA4 /* MenuBarView.swift */,
			);
			path = MenuBar;
			sourceTree = "<group>";
		};
/* End PBXGroup section */

/* Begin PBXNativeTarget section */
		42BD1ED3555086C50645D397 /* AdSilencerTests */ = {
			isa = PBXNativeTarget;
			buildConfigurationList = 8F69F0A5E60599495041E19F /* Build configuration list for PBXNativeTarget "AdSilencerTests" */;
			buildPhases = (
				A904FBF6535E82C288B939E0 /* Sources */,
			);
			buildRules = (
			);
			dependencies = (
				9FF918BD3A191928F8722CA9 /* PBXTargetDependency */,
			);
			name = AdSilencerTests;
			packageProductDependencies = (
			);
			productName = AdSilencerTests;
			productReference = 3FA0233571F85584B3C61B16 /* AdSilencerTests.xctest */;
			productType = "com.apple.product-type.bundle.unit-test";
		};
		F380F95D65B208798160804F /* AdSilencer */ = {
			isa = PBXNativeTarget;
			buildConfigurationList = 7311D5F96CCAD7EBDE6D9C32 /* Build configuration list for PBXNativeTarget "AdSilencer" */;
			buildPhases = (
				513C7BE925CA7CD3ADE91DE3 /* Sources */,
				1C5CA7AF31C4A8274E9F2F0B /* Resources */,
				9254B3A0C712CDBE2396BA2F /* Frameworks */,
			);
			buildRules = (
			);
			dependencies = (
			);
			name = AdSilencer;
			packageProductDependencies = (
			);
			productName = AdSilencer;
			productReference = EB9EDBB0ECB19543EBB79C23 /* AdSilencer.app */;
			productType = "com.apple.product-type.application";
		};
/* End PBXNativeTarget section */

/* Begin PBXProject section */
		3006CB9B76DAF9E70D779347 /* Project object */ = {
			isa = PBXProject;
			attributes = {
				BuildIndependentTargetsInParallel = YES;
				LastUpgradeCheck = 1430;
				TargetAttributes = {
					F380F95D65B208798160804F = {
						ProvisioningStyle = Manual;
					};
				};
			};
			buildConfigurationList = 346951053A5F3FD0EE1AD744 /* Build configuration list for PBXProject "AdSilencer" */;
			developmentRegion = en;
			hasScannedForEncodings = 0;
			knownRegions = (
				Base,
				en,
			);
			mainGroup = 00245792FE897F60CFAA24D3;
			minimizedProjectReferenceProxies = 1;
			preferredProjectObjectVersion = 77;
			productRefGroup = 3C74B9E7397ACDF13CD5B701 /* Products */;
			projectDirPath = "";
			projectRoot = "";
			targets = (
				F380F95D65B208798160804F /* AdSilencer */,
				42BD1ED3555086C50645D397 /* AdSilencerTests */,
			);
		};
/* End PBXProject section */

/* Begin PBXResourcesBuildPhase section */
		1C5CA7AF31C4A8274E9F2F0B /* Resources */ = {
			isa = PBXResourcesBuildPhase;
			buildActionMask = 2147483647;
			files = (
				8880B9D59E702CCD077AB6E3 /* Assets.xcassets in Resources */,
			);
			runOnlyForDeploymentPostprocessing = 0;
		};
/* End PBXResourcesBuildPhase section */

/* Begin PBXSourcesBuildPhase section */
		513C7BE925CA7CD3ADE91DE3 /* Sources */ = {
			isa = PBXSourcesBuildPhase;
			buildActionMask = 2147483647;
			files = (
				81E0AE9D2A1B473113925E4A /* AdMuter.swift in Sources */,
				38B831AB6D4D94D905020191 /* AdSilencerApp.swift in Sources */,
				6903B22D2BA3B6E99FE01A4B /* AppState.swift in Sources */,
				C73F6D0C0C76313F5C172E0A /* Collection+IsNotEmpty.swift in Sources */,
				A0D260DD7980A737B2C6C829 /* MenuBarView.swift in Sources */,
				3B80FF5D1044F81C74150C41 /* SpotifyBridge.swift in Sources */,
				2A7A044D7B9AA903B9FE6CD6 /* SpotifyScripting.swift in Sources */,
				A3A755FFEA700FE63B65FDAD /* SpotifyWatcher.swift in Sources */,
			);
			runOnlyForDeploymentPostprocessing = 0;
		};
		A904FBF6535E82C288B939E0 /* Sources */ = {
			isa = PBXSourcesBuildPhase;
			buildActionMask = 2147483647;
			files = (
				21A944C8216E4A5B4FF31C61 /* AdMuterTests.swift in Sources */,
				23508C268653DB310804CF4C /* AppStateTests.swift in Sources */,
				400782414B5F32CEA468EB45 /* FakeSpotify.swift in Sources */,
				F58B08A6265243B3A595E72A /* SpotifyAdTests.swift in Sources */,
				3685151D12DB09DA13B73B2C /* SpotifyBridgeTests.swift in Sources */,
				17BA2083F808B0D9CBE447C6 /* SpotifyScriptingTests.swift in Sources */,
				003FEDE49B09E2068CF81BAA /* SpotifyWatcherTests.swift in Sources */,
				FEC84FF814EE79428722A139 /* TrackIDFixtures.swift in Sources */,
			);
			runOnlyForDeploymentPostprocessing = 0;
		};
/* End PBXSourcesBuildPhase section */

/* Begin PBXTargetDependency section */
		9FF918BD3A191928F8722CA9 /* PBXTargetDependency */ = {
			isa = PBXTargetDependency;
			target = F380F95D65B208798160804F /* AdSilencer */;
			targetProxy = CE9C15CEAEA3B9191C9A3D65 /* PBXContainerItemProxy */;
		};
/* End PBXTargetDependency section */

/* Begin XCBuildConfiguration section */
		0A78A2D0E93C4B5368CE0744 /* Release */ = {
			isa = XCBuildConfiguration;
			buildSettings = {
				BUNDLE_LOADER = "$(TEST_HOST)";
				COMBINE_HIDPI_IMAGES = YES;
				GENERATE_INFOPLIST_FILE = YES;
				LD_RUNPATH_SEARCH_PATHS = (
					"$(inherited)",
					"@executable_path/../Frameworks",
					"@loader_path/../Frameworks",
				);
				PRODUCT_BUNDLE_IDENTIFIER = com.ensarbaba.AdSilencerTests;
				SDKROOT = macosx;
				TEST_HOST = "$(BUILT_PRODUCTS_DIR)/AdSilencer.app/Contents/MacOS/AdSilencer";
			};
			name = Release;
		};
		0FE7708345F64490278AC583 /* Release */ = {
			isa = XCBuildConfiguration;
			buildSettings = {
				ALWAYS_SEARCH_USER_PATHS = NO;
				CLANG_ANALYZER_NONNULL = YES;
				CLANG_ANALYZER_NUMBER_OBJECT_CONVERSION = YES_AGGRESSIVE;
				CLANG_CXX_LANGUAGE_STANDARD = "gnu++14";
				CLANG_CXX_LIBRARY = "libc++";
				CLANG_ENABLE_MODULES = YES;
				CLANG_ENABLE_OBJC_ARC = YES;
				CLANG_ENABLE_OBJC_WEAK = YES;
				CLANG_WARN_BLOCK_CAPTURE_AUTORELEASING = YES;
				CLANG_WARN_BOOL_CONVERSION = YES;
				CLANG_WARN_COMMA = YES;
				CLANG_WARN_CONSTANT_CONVERSION = YES;
				CLANG_WARN_DEPRECATED_OBJC_IMPLEMENTATIONS = YES;
				CLANG_WARN_DIRECT_OBJC_ISA_USAGE = YES_ERROR;
				CLANG_WARN_DOCUMENTATION_COMMENTS = YES;
				CLANG_WARN_EMPTY_BODY = YES;
				CLANG_WARN_ENUM_CONVERSION = YES;
				CLANG_WARN_INFINITE_RECURSION = YES;
				CLANG_WARN_INT_CONVERSION = YES;
				CLANG_WARN_NON_LITERAL_NULL_CONVERSION = YES;
				CLANG_WARN_OBJC_IMPLICIT_RETAIN_SELF = YES;
				CLANG_WARN_OBJC_LITERAL_CONVERSION = YES;
				CLANG_WARN_OBJC_ROOT_CLASS = YES_ERROR;
				CLANG_WARN_QUOTED_INCLUDE_IN_FRAMEWORK_HEADER = YES;
				CLANG_WARN_RANGE_LOOP_ANALYSIS = YES;
				CLANG_WARN_STRICT_PROTOTYPES = YES;
				CLANG_WARN_SUSPICIOUS_MOVE = YES;
				CLANG_WARN_UNGUARDED_AVAILABILITY = YES_AGGRESSIVE;
				CLANG_WARN_UNREACHABLE_CODE = YES;
				CLANG_WARN__DUPLICATE_METHOD_MATCH = YES;
				COPY_PHASE_STRIP = NO;
				CURRENT_PROJECT_VERSION = 1;
				DEAD_CODE_STRIPPING = YES;
				DEBUG_INFORMATION_FORMAT = "dwarf-with-dsym";
				ENABLE_NS_ASSERTIONS = NO;
				ENABLE_STRICT_OBJC_MSGSEND = YES;
				GCC_C_LANGUAGE_STANDARD = gnu11;
				GCC_NO_COMMON_BLOCKS = YES;
				GCC_WARN_64_TO_32_BIT_CONVERSION = YES;
				GCC_WARN_ABOUT_RETURN_TYPE = YES_ERROR;
				GCC_WARN_UNDECLARED_SELECTOR = YES;
				GCC_WARN_UNINITIALIZED_AUTOS = YES_AGGRESSIVE;
				GCC_WARN_UNUSED_FUNCTION = YES;
				GCC_WARN_UNUSED_VARIABLE = YES;
				MACOSX_DEPLOYMENT_TARGET = 15.0;
				MARKETING_VERSION = 1.0;
				MTL_ENABLE_DEBUG_INFO = NO;
				MTL_FAST_MATH = YES;
				PRODUCT_NAME = "$(TARGET_NAME)";
				SDKROOT = macosx;
				SWIFT_COMPILATION_MODE = wholemodule;
				SWIFT_OPTIMIZATION_LEVEL = "-O";
				SWIFT_STRICT_CONCURRENCY = complete;
				SWIFT_VERSION = 6.0;
			};
			name = Release;
		};
		175C66C621F0A59A14598E1B /* Debug */ = {
			isa = XCBuildConfiguration;
			buildSettings = {
				BUNDLE_LOADER = "$(TEST_HOST)";
				COMBINE_HIDPI_IMAGES = YES;
				GENERATE_INFOPLIST_FILE = YES;
				LD_RUNPATH_SEARCH_PATHS = (
					"$(inherited)",
					"@executable_path/../Frameworks",
					"@loader_path/../Frameworks",
				);
				PRODUCT_BUNDLE_IDENTIFIER = com.ensarbaba.AdSilencerTests;
				SDKROOT = macosx;
				TEST_HOST = "$(BUILT_PRODUCTS_DIR)/AdSilencer.app/Contents/MacOS/AdSilencer";
			};
			name = Debug;
		};
		1A2549093E54E145ABF6136E /* Debug */ = {
			isa = XCBuildConfiguration;
			buildSettings = {
				ASSETCATALOG_COMPILER_APPICON_NAME = AppIcon;
				CODE_SIGN_ENTITLEMENTS = AdSilencer/AdSilencer.entitlements;
				CODE_SIGN_IDENTITY = "-";
				CODE_SIGN_STYLE = Manual;
				COMBINE_HIDPI_IMAGES = YES;
				ENABLE_APP_SANDBOX = NO;
				ENABLE_HARDENED_RUNTIME = NO;
				GENERATE_INFOPLIST_FILE = NO;
				INFOPLIST_FILE = AdSilencer/Info.plist;
				LD_RUNPATH_SEARCH_PATHS = (
					"$(inherited)",
					"@executable_path/../Frameworks",
				);
				PRODUCT_BUNDLE_IDENTIFIER = com.ensarbaba.AdSilencer;
				PRODUCT_NAME = AdSilencer;
				SDKROOT = macosx;
			};
			name = Debug;
		};
		4DE7DD2EE06DC6D27C08828B /* Debug */ = {
			isa = XCBuildConfiguration;
			buildSettings = {
				ALWAYS_SEARCH_USER_PATHS = NO;
				CLANG_ANALYZER_NONNULL = YES;
				CLANG_ANALYZER_NUMBER_OBJECT_CONVERSION = YES_AGGRESSIVE;
				CLANG_CXX_LANGUAGE_STANDARD = "gnu++14";
				CLANG_CXX_LIBRARY = "libc++";
				CLANG_ENABLE_MODULES = YES;
				CLANG_ENABLE_OBJC_ARC = YES;
				CLANG_ENABLE_OBJC_WEAK = YES;
				CLANG_WARN_BLOCK_CAPTURE_AUTORELEASING = YES;
				CLANG_WARN_BOOL_CONVERSION = YES;
				CLANG_WARN_COMMA = YES;
				CLANG_WARN_CONSTANT_CONVERSION = YES;
				CLANG_WARN_DEPRECATED_OBJC_IMPLEMENTATIONS = YES;
				CLANG_WARN_DIRECT_OBJC_ISA_USAGE = YES_ERROR;
				CLANG_WARN_DOCUMENTATION_COMMENTS = YES;
				CLANG_WARN_EMPTY_BODY = YES;
				CLANG_WARN_ENUM_CONVERSION = YES;
				CLANG_WARN_INFINITE_RECURSION = YES;
				CLANG_WARN_INT_CONVERSION = YES;
				CLANG_WARN_NON_LITERAL_NULL_CONVERSION = YES;
				CLANG_WARN_OBJC_IMPLICIT_RETAIN_SELF = YES;
				CLANG_WARN_OBJC_LITERAL_CONVERSION = YES;
				CLANG_WARN_OBJC_ROOT_CLASS = YES_ERROR;
				CLANG_WARN_QUOTED_INCLUDE_IN_FRAMEWORK_HEADER = YES;
				CLANG_WARN_RANGE_LOOP_ANALYSIS = YES;
				CLANG_WARN_STRICT_PROTOTYPES = YES;
				CLANG_WARN_SUSPICIOUS_MOVE = YES;
				CLANG_WARN_UNGUARDED_AVAILABILITY = YES_AGGRESSIVE;
				CLANG_WARN_UNREACHABLE_CODE = YES;
				CLANG_WARN__DUPLICATE_METHOD_MATCH = YES;
				COPY_PHASE_STRIP = NO;
				CURRENT_PROJECT_VERSION = 1;
				DEAD_CODE_STRIPPING = YES;
				DEBUG_INFORMATION_FORMAT = dwarf;
				ENABLE_STRICT_OBJC_MSGSEND = YES;
				ENABLE_TESTABILITY = YES;
				GCC_C_LANGUAGE_STANDARD = gnu11;
				GCC_DYNAMIC_NO_PIC = NO;
				GCC_NO_COMMON_BLOCKS = YES;
				GCC_OPTIMIZATION_LEVEL = 0;
				GCC_PREPROCESSOR_DEFINITIONS = (
					"$(inherited)",
					"DEBUG=1",
				);
				GCC_WARN_64_TO_32_BIT_CONVERSION = YES;
				GCC_WARN_ABOUT_RETURN_TYPE = YES_ERROR;
				GCC_WARN_UNDECLARED_SELECTOR = YES;
				GCC_WARN_UNINITIALIZED_AUTOS = YES_AGGRESSIVE;
				GCC_WARN_UNUSED_FUNCTION = YES;
				GCC_WARN_UNUSED_VARIABLE = YES;
				MACOSX_DEPLOYMENT_TARGET = 15.0;
				MARKETING_VERSION = 1.0;
				MTL_ENABLE_DEBUG_INFO = INCLUDE_SOURCE;
				MTL_FAST_MATH = YES;
				ONLY_ACTIVE_ARCH = YES;
				PRODUCT_NAME = "$(TARGET_NAME)";
				SDKROOT = macosx;
				SWIFT_ACTIVE_COMPILATION_CONDITIONS = DEBUG;
				SWIFT_OPTIMIZATION_LEVEL = "-Onone";
				SWIFT_STRICT_CONCURRENCY = complete;
				SWIFT_VERSION = 6.0;
			};
			name = Debug;
		};
		F440EA5C4F40EA2686D09E87 /* Release */ = {
			isa = XCBuildConfiguration;
			buildSettings = {
				ASSETCATALOG_COMPILER_APPICON_NAME = AppIcon;
				CODE_SIGN_ENTITLEMENTS = AdSilencer/AdSilencer.entitlements;
				CODE_SIGN_IDENTITY = "Developer ID Application";
				CODE_SIGN_INJECT_BASE_ENTITLEMENTS = NO;
				CODE_SIGN_STYLE = Manual;
				COMBINE_HIDPI_IMAGES = YES;
				DEVELOPMENT_TEAM = 73DA6B7Z6K;
				ENABLE_APP_SANDBOX = NO;
				ENABLE_HARDENED_RUNTIME = YES;
				GENERATE_INFOPLIST_FILE = NO;
				INFOPLIST_FILE = AdSilencer/Info.plist;
				LD_RUNPATH_SEARCH_PATHS = (
					"$(inherited)",
					"@executable_path/../Frameworks",
				);
				OTHER_CODE_SIGN_FLAGS = "--timestamp";
				PRODUCT_BUNDLE_IDENTIFIER = com.ensarbaba.AdSilencer;
				PRODUCT_NAME = AdSilencer;
				SDKROOT = macosx;
			};
			name = Release;
		};
/* End XCBuildConfiguration section */

/* Begin XCConfigurationList section */
		346951053A5F3FD0EE1AD744 /* Build configuration list for PBXProject "AdSilencer" */ = {
			isa = XCConfigurationList;
			buildConfigurations = (
				4DE7DD2EE06DC6D27C08828B /* Debug */,
				0FE7708345F64490278AC583 /* Release */,
			);
			defaultConfigurationIsVisible = 0;
			defaultConfigurationName = Debug;
		};
		7311D5F96CCAD7EBDE6D9C32 /* Build configuration list for PBXNativeTarget "AdSilencer" */ = {
			isa = XCConfigurationList;
			buildConfigurations = (
				1A2549093E54E145ABF6136E /* Debug */,
				F440EA5C4F40EA2686D09E87 /* Release */,
			);
			defaultConfigurationIsVisible = 0;
			defaultConfigurationName = Debug;
		};
		8F69F0A5E60599495041E19F /* Build configuration list for PBXNativeTarget "AdSilencerTests" */ = {
			isa = XCConfigurationList;
			buildConfigurations = (
				175C66C621F0A59A14598E1B /* Debug */,
				0A78A2D0E93C4B5368CE0744 /* Release */,
			);
			defaultConfigurationIsVisible = 0;
			defaultConfigurationName = Debug;
		};
/* End XCConfigurationList section */
	};
	rootObject = 3006CB9B76DAF9E70D779347 /* Project object */;
}
