// !$*UTF8*$!
{
	archiveVersion = 1;
	classes = {
	};
	objectVersion = 77;
	objects = {

/* Begin PBXBuildFile section */
		08E3EC9F41701408255C4FB7 /* AppStateTests.swift in Sources */ = {isa = PBXBuildFile; fileRef = 99A4AAA929A1C233FF13CF2C /* AppStateTests.swift */; };
		10550E450F0BE18372AEC464 /* SpotifyBridgeTests.swift in Sources */ = {isa = PBXBuildFile; fileRef = 69CCF4D48A7D113387F6B09B /* SpotifyBridgeTests.swift */; };
		1D7EC116AC54E3E2F144BB7D /* SpotifyAdStateFileTests.swift in Sources */ = {isa = PBXBuildFile; fileRef = BE0A942C1B5C5F968814880E /* SpotifyAdStateFileTests.swift */; };
		21D04B9EA542E29B4A476F8E /* SpotifyWatcher.swift in Sources */ = {isa = PBXBuildFile; fileRef = 324EE20B480F4E2C95C9672A /* SpotifyWatcher.swift */; };
		250086E046ACE9FCA345C212 /* SpotifyAdStateFile.swift in Sources */ = {isa = PBXBuildFile; fileRef = 72D092CBB372EFD6FC20BD69 /* SpotifyAdStateFile.swift */; };
		390619892EDB73EE69E12B69 /* TrackInfoTests.swift in Sources */ = {isa = PBXBuildFile; fileRef = 356B8BD3F8262E13C5FBEB80 /* TrackInfoTests.swift */; };
		3F4BDDAB7A379D335EB2ADD5 /* NotchTuneApp.swift in Sources */ = {isa = PBXBuildFile; fileRef = 65D2F9C8D1A79D24D222CF94 /* NotchTuneApp.swift */; };
		419153B2F210A7B3DD11ADAB /* FakeSpotify.swift in Sources */ = {isa = PBXBuildFile; fileRef = 6681B1BAD103C75742BA07F1 /* FakeSpotify.swift */; };
		425649F1D9BA4E93252AC5A1 /* AdMuter.swift in Sources */ = {isa = PBXBuildFile; fileRef = E481EF20AF5ECBE58E09E933 /* AdMuter.swift */; };
		44492B37402592A16E7BF1C6 /* SpotifyBridge.swift in Sources */ = {isa = PBXBuildFile; fileRef = 66C7B20ADE8F494576A9A29D /* SpotifyBridge.swift */; };
		44C939F4D3B457BF03C9B282 /* SpotifyScripting.swift in Sources */ = {isa = PBXBuildFile; fileRef = D44190405DF6749052B9F39E /* SpotifyScripting.swift */; };
		49301AA7AC506CD83603376B /* TrackInfo.swift in Sources */ = {isa = PBXBuildFile; fileRef = 2A7DDCDACF3F6E4A69911593 /* TrackInfo.swift */; };
		5772E12534F00B129792D817 /* SpotifyWatcherTests.swift in Sources */ = {isa = PBXBuildFile; fileRef = 5CA0D47775F323748B171E89 /* SpotifyWatcherTests.swift */; };
		84EFD2FFDC10A555C67644FB /* AppState.swift in Sources */ = {isa = PBXBuildFile; fileRef = 85604C55F9878130A1FD401A /* AppState.swift */; };
		86B13DDD5829AA0E6558B9FE /* ScriptingBridge.framework in Frameworks */ = {isa = PBXBuildFile; fileRef = D7615C5D8C649A6C9827F0AB /* ScriptingBridge.framework */; };
		ABEC93F21E4805854B1B55BB /* AdMuterTests.swift in Sources */ = {isa = PBXBuildFile; fileRef = 38E5A5AF536B3D24058F993F /* AdMuterTests.swift */; };
		C0DF00A0EC6C1E75010A01CC /* SpotifyScriptingTests.swift in Sources */ = {isa = PBXBuildFile; fileRef = 378FF56B47F255DA851057AC /* SpotifyScriptingTests.swift */; };
		DA0E335D2ACDB2F7F436DEF6 /* TrackInfoFixtures.swift in Sources */ = {isa = PBXBuildFile; fileRef = A266557410EE001926BC21CD /* TrackInfoFixtures.swift */; };
/* End PBXBuildFile section */

/* Begin PBXContainerItemProxy section */
		B2027B642F27895ABF19E86D /* PBXContainerItemProxy */ = {
			isa = PBXContainerItemProxy;
			containerPortal = 4F6155374CDC1EEF09A37252 /* Project object */;
			proxyType = 1;
			remoteGlobalIDString = D986DB853516DFD29D71BD67;
			remoteInfo = NotchTune;
		};
/* End PBXContainerItemProxy section */

/* Begin PBXFileReference section */
		2A7DDCDACF3F6E4A69911593 /* TrackInfo.swift */ = {isa = PBXFileReference; lastKnownFileType = sourcecode.swift; path = TrackInfo.swift; sourceTree = "<group>"; };
		324EE20B480F4E2C95C9672A /* SpotifyWatcher.swift */ = {isa = PBXFileReference; lastKnownFileType = sourcecode.swift; path = SpotifyWatcher.swift; sourceTree = "<group>"; };
		356B8BD3F8262E13C5FBEB80 /* TrackInfoTests.swift */ = {isa = PBXFileReference; lastKnownFileType = sourcecode.swift; path = TrackInfoTests.swift; sourceTree = "<group>"; };
		378FF56B47F255DA851057AC /* SpotifyScriptingTests.swift */ = {isa = PBXFileReference; lastKnownFileType = sourcecode.swift; path = SpotifyScriptingTests.swift; sourceTree = "<group>"; };
		38E5A5AF536B3D24058F993F /* AdMuterTests.swift */ = {isa = PBXFileReference; lastKnownFileType = sourcecode.swift; path = AdMuterTests.swift; sourceTree = "<group>"; };
		5CA0D47775F323748B171E89 /* SpotifyWatcherTests.swift */ = {isa = PBXFileReference; lastKnownFileType = sourcecode.swift; path = SpotifyWatcherTests.swift; sourceTree = "<group>"; };
		60578395FF185E9AC45EBA6D /* Info.plist */ = {isa = PBXFileReference; lastKnownFileType = text.plist; path = Info.plist; sourceTree = "<group>"; };
		65D2F9C8D1A79D24D222CF94 /* NotchTuneApp.swift */ = {isa = PBXFileReference; lastKnownFileType = sourcecode.swift; path = NotchTuneApp.swift; sourceTree = "<group>"; };
		6681B1BAD103C75742BA07F1 /* FakeSpotify.swift */ = {isa = PBXFileReference; lastKnownFileType = sourcecode.swift; path = FakeSpotify.swift; sourceTree = "<group>"; };
		66C7B20ADE8F494576A9A29D /* SpotifyBridge.swift */ = {isa = PBXFileReference; lastKnownFileType = sourcecode.swift; path = SpotifyBridge.swift; sourceTree = "<group>"; };
		69CCF4D48A7D113387F6B09B /* SpotifyBridgeTests.swift */ = {isa = PBXFileReference; lastKnownFileType = sourcecode.swift; path = SpotifyBridgeTests.swift; sourceTree = "<group>"; };
		72D092CBB372EFD6FC20BD69 /* SpotifyAdStateFile.swift */ = {isa = PBXFileReference; lastKnownFileType = sourcecode.swift; path = SpotifyAdStateFile.swift; sourceTree = "<group>"; };
		85604C55F9878130A1FD401A /* AppState.swift */ = {isa = PBXFileReference; lastKnownFileType = sourcecode.swift; path = AppState.swift; sourceTree = "<group>"; };
		99A4AAA929A1C233FF13CF2C /* AppStateTests.swift */ = {isa = PBXFileReference; lastKnownFileType = sourcecode.swift; path = AppStateTests.swift; sourceTree = "<group>"; };
		A266557410EE001926BC21CD /* TrackInfoFixtures.swift */ = {isa = PBXFileReference; lastKnownFileType = sourcecode.swift; path = TrackInfoFixtures.swift; sourceTree = "<group>"; };
		BE0A942C1B5C5F968814880E /* SpotifyAdStateFileTests.swift */ = {isa = PBXFileReference; lastKnownFileType = sourcecode.swift; path = SpotifyAdStateFileTests.swift; sourceTree = "<group>"; };
		D116564EBE27C33D61C3E77A /* NotchTune.app */ = {isa = PBXFileReference; explicitFileType = wrapper.application; includeInIndex = 0; path = NotchTune.app; sourceTree = BUILT_PRODUCTS_DIR; };
		D44190405DF6749052B9F39E /* SpotifyScripting.swift */ = {isa = PBXFileReference; lastKnownFileType = sourcecode.swift; path = SpotifyScripting.swift; sourceTree = "<group>"; };
		D7615C5D8C649A6C9827F0AB /* ScriptingBridge.framework */ = {isa = PBXFileReference; lastKnownFileType = wrapper.framework; name = ScriptingBridge.framework; path = System/Library/Frameworks/ScriptingBridge.framework; sourceTree = SDKROOT; };
		E481EF20AF5ECBE58E09E933 /* AdMuter.swift */ = {isa = PBXFileReference; lastKnownFileType = sourcecode.swift; path = AdMuter.swift; sourceTree = "<group>"; };
		F176E724DB3232B329D6B37B /* NotchTuneTests.xctest */ = {isa = PBXFileReference; explicitFileType = wrapper.cfbundle; includeInIndex = 0; path = NotchTuneTests.xctest; sourceTree = BUILT_PRODUCTS_DIR; };
/* End PBXFileReference section */

/* Begin PBXFrameworksBuildPhase section */
		63FFF248CB10B671CD459378 /* Frameworks */ = {
			isa = PBXFrameworksBuildPhase;
			buildActionMask = 2147483647;
			files = (
				86B13DDD5829AA0E6558B9FE /* ScriptingBridge.framework in Frameworks */,
			);
			runOnlyForDeploymentPostprocessing = 0;
		};
/* End PBXFrameworksBuildPhase section */

/* Begin PBXGroup section */
		1E27AEB829A402D830ECDEBE /* Spotify */ = {
			isa = PBXGroup;
			children = (
				72D092CBB372EFD6FC20BD69 /* SpotifyAdStateFile.swift */,
				66C7B20ADE8F494576A9A29D /* SpotifyBridge.swift */,
				D44190405DF6749052B9F39E /* SpotifyScripting.swift */,
				324EE20B480F4E2C95C9672A /* SpotifyWatcher.swift */,
				2A7DDCDACF3F6E4A69911593 /* TrackInfo.swift */,
			);
			path = Spotify;
			sourceTree = "<group>";
		};
		64EEF949B01C2FE942A76B1A /* NotchTuneTests */ = {
			isa = PBXGroup;
			children = (
				38E5A5AF536B3D24058F993F /* AdMuterTests.swift */,
				99A4AAA929A1C233FF13CF2C /* AppStateTests.swift */,
				6681B1BAD103C75742BA07F1 /* FakeSpotify.swift */,
				BE0A942C1B5C5F968814880E /* SpotifyAdStateFileTests.swift */,
				69CCF4D48A7D113387F6B09B /* SpotifyBridgeTests.swift */,
				378FF56B47F255DA851057AC /* SpotifyScriptingTests.swift */,
				5CA0D47775F323748B171E89 /* SpotifyWatcherTests.swift */,
				A266557410EE001926BC21CD /* TrackInfoFixtures.swift */,
				356B8BD3F8262E13C5FBEB80 /* TrackInfoTests.swift */,
			);
			path = NotchTuneTests;
			sourceTree = "<group>";
		};
		8627F6D57725C80CEF2F8704 /* Frameworks */ = {
			isa = PBXGroup;
			children = (
				D7615C5D8C649A6C9827F0AB /* ScriptingBridge.framework */,
			);
			name = Frameworks;
			sourceTree = "<group>";
		};
		9C08635D649B394FFF9DC2A4 /* NotchTune */ = {
			isa = PBXGroup;
			children = (
				85604C55F9878130A1FD401A /* AppState.swift */,
				60578395FF185E9AC45EBA6D /* Info.plist */,
				65D2F9C8D1A79D24D222CF94 /* NotchTuneApp.swift */,
				B17B62120B5E03F39DE6A620 /* Mute */,
				1E27AEB829A402D830ECDEBE /* Spotify */,
			);
			path = NotchTune;
			sourceTree = "<group>";
		};
		A57A89BE74A5FDDE918E5816 = {
			isa = PBXGroup;
			children = (
				9C08635D649B394FFF9DC2A4 /* NotchTune */,
				64EEF949B01C2FE942A76B1A /* NotchTuneTests */,
				8627F6D57725C80CEF2F8704 /* Frameworks */,
				DA597DCCA1FB2C8F55CF50BF /* Products */,
			);
			sourceTree = "<group>";
		};
		B17B62120B5E03F39DE6A620 /* Mute */ = {
			isa = PBXGroup;
			children = (
				E481EF20AF5ECBE58E09E933 /* AdMuter.swift */,
			);
			path = Mute;
			sourceTree = "<group>";
		};
		DA597DCCA1FB2C8F55CF50BF /* Products */ = {
			isa = PBXGroup;
			children = (
				D116564EBE27C33D61C3E77A /* NotchTune.app */,
				F176E724DB3232B329D6B37B /* NotchTuneTests.xctest */,
			);
			name = Products;
			sourceTree = "<group>";
		};
/* End PBXGroup section */

/* Begin PBXNativeTarget section */
		91F04F176B072EC9E7A3D28C /* NotchTuneTests */ = {
			isa = PBXNativeTarget;
			buildConfigurationList = 65F7CBDE52EAD89A80E9DC82 /* Build configuration list for PBXNativeTarget "NotchTuneTests" */;
			buildPhases = (
				2C9C688988B4E2664E61470D /* Sources */,
			);
			buildRules = (
			);
			dependencies = (
				7743FE25E39E2B15C84AC5B1 /* PBXTargetDependency */,
			);
			name = NotchTuneTests;
			packageProductDependencies = (
			);
			productName = NotchTuneTests;
			productReference = F176E724DB3232B329D6B37B /* NotchTuneTests.xctest */;
			productType = "com.apple.product-type.bundle.unit-test";
		};
		D986DB853516DFD29D71BD67 /* NotchTune */ = {
			isa = PBXNativeTarget;
			buildConfigurationList = 568B98CAE796C596C1902471 /* Build configuration list for PBXNativeTarget "NotchTune" */;
			buildPhases = (
				499C773A0922E0A040560367 /* Sources */,
				63FFF248CB10B671CD459378 /* Frameworks */,
			);
			buildRules = (
			);
			dependencies = (
			);
			name = NotchTune;
			packageProductDependencies = (
			);
			productName = NotchTune;
			productReference = D116564EBE27C33D61C3E77A /* NotchTune.app */;
			productType = "com.apple.product-type.application";
		};
/* End PBXNativeTarget section */

/* Begin PBXProject section */
		4F6155374CDC1EEF09A37252 /* Project object */ = {
			isa = PBXProject;
			attributes = {
				BuildIndependentTargetsInParallel = YES;
				LastUpgradeCheck = 1430;
				TargetAttributes = {
					D986DB853516DFD29D71BD67 = {
						ProvisioningStyle = Manual;
					};
				};
			};
			buildConfigurationList = ECC19A739D12389D08796D82 /* Build configuration list for PBXProject "NotchTune" */;
			developmentRegion = en;
			hasScannedForEncodings = 0;
			knownRegions = (
				Base,
				en,
			);
			mainGroup = A57A89BE74A5FDDE918E5816;
			minimizedProjectReferenceProxies = 1;
			preferredProjectObjectVersion = 77;
			productRefGroup = DA597DCCA1FB2C8F55CF50BF /* Products */;
			projectDirPath = "";
			projectRoot = "";
			targets = (
				D986DB853516DFD29D71BD67 /* NotchTune */,
				91F04F176B072EC9E7A3D28C /* NotchTuneTests */,
			);
		};
/* End PBXProject section */

/* Begin PBXSourcesBuildPhase section */
		2C9C688988B4E2664E61470D /* Sources */ = {
			isa = PBXSourcesBuildPhase;
			buildActionMask = 2147483647;
			files = (
				ABEC93F21E4805854B1B55BB /* AdMuterTests.swift in Sources */,
				08E3EC9F41701408255C4FB7 /* AppStateTests.swift in Sources */,
				419153B2F210A7B3DD11ADAB /* FakeSpotify.swift in Sources */,
				1D7EC116AC54E3E2F144BB7D /* SpotifyAdStateFileTests.swift in Sources */,
				10550E450F0BE18372AEC464 /* SpotifyBridgeTests.swift in Sources */,
				C0DF00A0EC6C1E75010A01CC /* SpotifyScriptingTests.swift in Sources */,
				5772E12534F00B129792D817 /* SpotifyWatcherTests.swift in Sources */,
				DA0E335D2ACDB2F7F436DEF6 /* TrackInfoFixtures.swift in Sources */,
				390619892EDB73EE69E12B69 /* TrackInfoTests.swift in Sources */,
			);
			runOnlyForDeploymentPostprocessing = 0;
		};
		499C773A0922E0A040560367 /* Sources */ = {
			isa = PBXSourcesBuildPhase;
			buildActionMask = 2147483647;
			files = (
				425649F1D9BA4E93252AC5A1 /* AdMuter.swift in Sources */,
				84EFD2FFDC10A555C67644FB /* AppState.swift in Sources */,
				3F4BDDAB7A379D335EB2ADD5 /* NotchTuneApp.swift in Sources */,
				250086E046ACE9FCA345C212 /* SpotifyAdStateFile.swift in Sources */,
				44492B37402592A16E7BF1C6 /* SpotifyBridge.swift in Sources */,
				44C939F4D3B457BF03C9B282 /* SpotifyScripting.swift in Sources */,
				21D04B9EA542E29B4A476F8E /* SpotifyWatcher.swift in Sources */,
				49301AA7AC506CD83603376B /* TrackInfo.swift in Sources */,
			);
			runOnlyForDeploymentPostprocessing = 0;
		};
/* End PBXSourcesBuildPhase section */

/* Begin PBXTargetDependency section */
		7743FE25E39E2B15C84AC5B1 /* PBXTargetDependency */ = {
			isa = PBXTargetDependency;
			target = D986DB853516DFD29D71BD67 /* NotchTune */;
			targetProxy = B2027B642F27895ABF19E86D /* PBXContainerItemProxy */;
		};
/* End PBXTargetDependency section */

/* Begin XCBuildConfiguration section */
		7CDAA6483590C40A55192C88 /* Release */ = {
			isa = XCBuildConfiguration;
			buildSettings = {
				BUNDLE_LOADER = "$(TEST_HOST)";
				COMBINE_HIDPI_IMAGES = YES;
				GENERATE_INFOPLIST_FILE = YES;
				LD_RUNPATH_SEARCH_PATHS = (
					"$(inherited)",
					"@executable_path/../Frameworks",
					"@loader_path/../Frameworks",
				);
				PRODUCT_BUNDLE_IDENTIFIER = com.ensarbaba.NotchTuneTests;
				SDKROOT = macosx;
				TEST_HOST = "$(BUILT_PRODUCTS_DIR)/NotchTune.app/Contents/MacOS/NotchTune";
			};
			name = Release;
		};
		824BA23D31CD3BF234EA3817 /* Release */ = {
			isa = XCBuildConfiguration;
			buildSettings = {
				ASSETCATALOG_COMPILER_APPICON_NAME = AppIcon;
				CODE_SIGN_IDENTITY = "-";
				CODE_SIGN_STYLE = Manual;
				COMBINE_HIDPI_IMAGES = YES;
				ENABLE_APP_SANDBOX = NO;
				ENABLE_HARDENED_RUNTIME = NO;
				GENERATE_INFOPLIST_FILE = NO;
				INFOPLIST_FILE = NotchTune/Info.plist;
				LD_RUNPATH_SEARCH_PATHS = (
					"$(inherited)",
					"@executable_path/../Frameworks",
				);
				PRODUCT_BUNDLE_IDENTIFIER = com.ensarbaba.NotchTune;
				PRODUCT_NAME = NotchTune;
				SDKROOT = macosx;
			};
			name = Release;
		};
		89F5DFB74BCE7A11FE3517BD /* Debug */ = {
			isa = XCBuildConfiguration;
			buildSettings = {
				ALWAYS_SEARCH_USER_PATHS = NO;
				CLANG_ANALYZER_NONNULL = YES;
				CLANG_ANALYZER_NUMBER_OBJECT_CONVERSION = YES_AGGRESSIVE;
				CLANG_CXX_LANGUAGE_STANDARD = "gnu++14";
				CLANG_CXX_LIBRARY = "libc++";
				CLANG_ENABLE_MODULES = YES;
				CLANG_ENABLE_OBJC_ARC = YES;
				CLANG_ENABLE_OBJC_WEAK = YES;
				CLANG_WARN_BLOCK_CAPTURE_AUTORELEASING = YES;
				CLANG_WARN_BOOL_CONVERSION = YES;
				CLANG_WARN_COMMA = YES;
				CLANG_WARN_CONSTANT_CONVERSION = YES;
				CLANG_WARN_DEPRECATED_OBJC_IMPLEMENTATIONS = YES;
				CLANG_WARN_DIRECT_OBJC_ISA_USAGE = YES_ERROR;
				CLANG_WARN_DOCUMENTATION_COMMENTS = YES;
				CLANG_WARN_EMPTY_BODY = YES;
				CLANG_WARN_ENUM_CONVERSION = YES;
				CLANG_WARN_INFINITE_RECURSION = YES;
				CLANG_WARN_INT_CONVERSION = YES;
				CLANG_WARN_NON_LITERAL_NULL_CONVERSION = YES;
				CLANG_WARN_OBJC_IMPLICIT_RETAIN_SELF = YES;
				CLANG_WARN_OBJC_LITERAL_CONVERSION = YES;
				CLANG_WARN_OBJC_ROOT_CLASS = YES_ERROR;
				CLANG_WARN_QUOTED_INCLUDE_IN_FRAMEWORK_HEADER = YES;
				CLANG_WARN_RANGE_LOOP_ANALYSIS = YES;
				CLANG_WARN_STRICT_PROTOTYPES = YES;
				CLANG_WARN_SUSPICIOUS_MOVE = YES;
				CLANG_WARN_UNGUARDED_AVAILABILITY = YES_AGGRESSIVE;
				CLANG_WARN_UNREACHABLE_CODE = YES;
				CLANG_WARN__DUPLICATE_METHOD_MATCH = YES;
				COPY_PHASE_STRIP = NO;
				CURRENT_PROJECT_VERSION = 1;
				DEAD_CODE_STRIPPING = YES;
				DEBUG_INFORMATION_FORMAT = dwarf;
				ENABLE_STRICT_OBJC_MSGSEND = YES;
				ENABLE_TESTABILITY = YES;
				GCC_C_LANGUAGE_STANDARD = gnu11;
				GCC_DYNAMIC_NO_PIC = NO;
				GCC_NO_COMMON_BLOCKS = YES;
				GCC_OPTIMIZATION_LEVEL = 0;
				GCC_PREPROCESSOR_DEFINITIONS = (
					"$(inherited)",
					"DEBUG=1",
				);
				GCC_WARN_64_TO_32_BIT_CONVERSION = YES;
				GCC_WARN_ABOUT_RETURN_TYPE = YES_ERROR;
				GCC_WARN_UNDECLARED_SELECTOR = YES;
				GCC_WARN_UNINITIALIZED_AUTOS = YES_AGGRESSIVE;
				GCC_WARN_UNUSED_FUNCTION = YES;
				GCC_WARN_UNUSED_VARIABLE = YES;
				MACOSX_DEPLOYMENT_TARGET = 15.0;
				MARKETING_VERSION = 1.0;
				MTL_ENABLE_DEBUG_INFO = INCLUDE_SOURCE;
				MTL_FAST_MATH = YES;
				ONLY_ACTIVE_ARCH = YES;
				PRODUCT_NAME = "$(TARGET_NAME)";
				SDKROOT = macosx;
				SWIFT_ACTIVE_COMPILATION_CONDITIONS = DEBUG;
				SWIFT_OPTIMIZATION_LEVEL = "-Onone";
				SWIFT_STRICT_CONCURRENCY = complete;
				SWIFT_VERSION = 6.0;
			};
			name = Debug;
		};
		B4D4960815C34088A374F38E /* Debug */ = {
			isa = XCBuildConfiguration;
			buildSettings = {
				ASSETCATALOG_COMPILER_APPICON_NAME = AppIcon;
				CODE_SIGN_IDENTITY = "-";
				CODE_SIGN_STYLE = Manual;
				COMBINE_HIDPI_IMAGES = YES;
				ENABLE_APP_SANDBOX = NO;
				ENABLE_HARDENED_RUNTIME = NO;
				GENERATE_INFOPLIST_FILE = NO;
				INFOPLIST_FILE = NotchTune/Info.plist;
				LD_RUNPATH_SEARCH_PATHS = (
					"$(inherited)",
					"@executable_path/../Frameworks",
				);
				PRODUCT_BUNDLE_IDENTIFIER = com.ensarbaba.NotchTune;
				PRODUCT_NAME = NotchTune;
				SDKROOT = macosx;
			};
			name = Debug;
		};
		E4EF1C65803CBD3258D52A84 /* Debug */ = {
			isa = XCBuildConfiguration;
			buildSettings = {
				BUNDLE_LOADER = "$(TEST_HOST)";
				COMBINE_HIDPI_IMAGES = YES;
				GENERATE_INFOPLIST_FILE = YES;
				LD_RUNPATH_SEARCH_PATHS = (
					"$(inherited)",
					"@executable_path/../Frameworks",
					"@loader_path/../Frameworks",
				);
				PRODUCT_BUNDLE_IDENTIFIER = com.ensarbaba.NotchTuneTests;
				SDKROOT = macosx;
				TEST_HOST = "$(BUILT_PRODUCTS_DIR)/NotchTune.app/Contents/MacOS/NotchTune";
			};
			name = Debug;
		};
		EAFBC0E4A0C20524A96CF265 /* Release */ = {
			isa = XCBuildConfiguration;
			buildSettings = {
				ALWAYS_SEARCH_USER_PATHS = NO;
				CLANG_ANALYZER_NONNULL = YES;
				CLANG_ANALYZER_NUMBER_OBJECT_CONVERSION = YES_AGGRESSIVE;
				CLANG_CXX_LANGUAGE_STANDARD = "gnu++14";
				CLANG_CXX_LIBRARY = "libc++";
				CLANG_ENABLE_MODULES = YES;
				CLANG_ENABLE_OBJC_ARC = YES;
				CLANG_ENABLE_OBJC_WEAK = YES;
				CLANG_WARN_BLOCK_CAPTURE_AUTORELEASING = YES;
				CLANG_WARN_BOOL_CONVERSION = YES;
				CLANG_WARN_COMMA = YES;
				CLANG_WARN_CONSTANT_CONVERSION = YES;
				CLANG_WARN_DEPRECATED_OBJC_IMPLEMENTATIONS = YES;
				CLANG_WARN_DIRECT_OBJC_ISA_USAGE = YES_ERROR;
				CLANG_WARN_DOCUMENTATION_COMMENTS = YES;
				CLANG_WARN_EMPTY_BODY = YES;
				CLANG_WARN_ENUM_CONVERSION = YES;
				CLANG_WARN_INFINITE_RECURSION = YES;
				CLANG_WARN_INT_CONVERSION = YES;
				CLANG_WARN_NON_LITERAL_NULL_CONVERSION = YES;
				CLANG_WARN_OBJC_IMPLICIT_RETAIN_SELF = YES;
				CLANG_WARN_OBJC_LITERAL_CONVERSION = YES;
				CLANG_WARN_OBJC_ROOT_CLASS = YES_ERROR;
				CLANG_WARN_QUOTED_INCLUDE_IN_FRAMEWORK_HEADER = YES;
				CLANG_WARN_RANGE_LOOP_ANALYSIS = YES;
				CLANG_WARN_STRICT_PROTOTYPES = YES;
				CLANG_WARN_SUSPICIOUS_MOVE = YES;
				CLANG_WARN_UNGUARDED_AVAILABILITY = YES_AGGRESSIVE;
				CLANG_WARN_UNREACHABLE_CODE = YES;
				CLANG_WARN__DUPLICATE_METHOD_MATCH = YES;
				COPY_PHASE_STRIP = NO;
				CURRENT_PROJECT_VERSION = 1;
				DEAD_CODE_STRIPPING = YES;
				DEBUG_INFORMATION_FORMAT = "dwarf-with-dsym";
				ENABLE_NS_ASSERTIONS = NO;
				ENABLE_STRICT_OBJC_MSGSEND = YES;
				GCC_C_LANGUAGE_STANDARD = gnu11;
				GCC_NO_COMMON_BLOCKS = YES;
				GCC_WARN_64_TO_32_BIT_CONVERSION = YES;
				GCC_WARN_ABOUT_RETURN_TYPE = YES_ERROR;
				GCC_WARN_UNDECLARED_SELECTOR = YES;
				GCC_WARN_UNINITIALIZED_AUTOS = YES_AGGRESSIVE;
				GCC_WARN_UNUSED_FUNCTION = YES;
				GCC_WARN_UNUSED_VARIABLE = YES;
				MACOSX_DEPLOYMENT_TARGET = 15.0;
				MARKETING_VERSION = 1.0;
				MTL_ENABLE_DEBUG_INFO = NO;
				MTL_FAST_MATH = YES;
				PRODUCT_NAME = "$(TARGET_NAME)";
				SDKROOT = macosx;
				SWIFT_COMPILATION_MODE = wholemodule;
				SWIFT_OPTIMIZATION_LEVEL = "-O";
				SWIFT_STRICT_CONCURRENCY = complete;
				SWIFT_VERSION = 6.0;
			};
			name = Release;
		};
/* End XCBuildConfiguration section */

/* Begin XCConfigurationList section */
		568B98CAE796C596C1902471 /* Build configuration list for PBXNativeTarget "NotchTune" */ = {
			isa = XCConfigurationList;
			buildConfigurations = (
				B4D4960815C34088A374F38E /* Debug */,
				824BA23D31CD3BF234EA3817 /* Release */,
			);
			defaultConfigurationIsVisible = 0;
			defaultConfigurationName = Debug;
		};
		65F7CBDE52EAD89A80E9DC82 /* Build configuration list for PBXNativeTarget "NotchTuneTests" */ = {
			isa = XCConfigurationList;
			buildConfigurations = (
				E4EF1C65803CBD3258D52A84 /* Debug */,
				7CDAA6483590C40A55192C88 /* Release */,
			);
			defaultConfigurationIsVisible = 0;
			defaultConfigurationName = Debug;
		};
		ECC19A739D12389D08796D82 /* Build configuration list for PBXProject "NotchTune" */ = {
			isa = XCConfigurationList;
			buildConfigurations = (
				89F5DFB74BCE7A11FE3517BD /* Debug */,
				EAFBC0E4A0C20524A96CF265 /* Release */,
			);
			defaultConfigurationIsVisible = 0;
			defaultConfigurationName = Debug;
		};
/* End XCConfigurationList section */
	};
	rootObject = 4F6155374CDC1EEF09A37252 /* Project object */;
}
